
Microsoft Visual Studio Solution File, Format Version 12.00
# Visual Studio Version 16
VisualStudioVersion = 16.0.31624.102
MinimumVisualStudioVersion = 10.0.40219.1
Project("{FAE04EC0-301F-11D3-BF4B-00C04F79EFBC}") = "OblRestExcercise", "OblRestExcercise.csproj", "{0E973ACA-0B65-4215-8D10-649791D1D94A}"
EndProject
Global
	GlobalSection(SolutionConfigurationPlatforms) = preSolution
		Debug|Any CPU = Debug|Any CPU
		Release|Any CPU = Release|Any CPU
	EndGlobalSection
	GlobalSection(ProjectConfigurationPlatforms) = postSolution
		{0E973ACA-0B65-4215-8D10-649791D1D94A}.Debug|Any CPU.ActiveCfg = Debug|Any CPU
		{0E973ACA-0B65-4215-8D10-649791D1D94A}.Debug|Any CPU.Build.0 = Debug|Any CPU
		{0E973ACA-0B65-4215-8D10-649791D1D94A}.Release|Any CPU.ActiveCfg = Release|Any CPU
		{0E973ACA-0B65-4215-8D10-649791D1D94A}.Release|Any CPU.Build.0 = Release|Any CPU
	EndGlobalSection
	GlobalSection(SolutionProperties) = preSolution
		HideSolutionNode = FALSE
	EndGlobalSection
	GlobalSection(ExtensibilityGlobals) = postSolution
		SolutionGuid = {0313F098-6F0D-455E-A399-EDE393403B29}
	EndGlobalSection
EndGlobal
